{
  "name": "@kyuri-metro/shmetro-line-id-block-2025-svg-generator",
  "version": "0.1.7",
  "lockfileVersion": 3,
  "requires": true,
  "packages": {
    "": {
      "name": "@kyuri-metro/shmetro-line-id-block-2025-svg-generator",
      "version": "0.1.7",
      "license": "MIT",
      "dependencies": {
        "@kyuri-metro/shmetro-palette": "^0.1.1"
      },
      "devDependencies": {
        "typescript": "~5.8.3"
      }
    },
    "node_modules/@kyuri-metro/shmetro-palette": {
      "version": "0.1.1",
      "resolved": "https://registry.npmjs.org/@kyuri-metro/shmetro-palette/-/shmetro-palette-0.1.1.tgz",
      "integrity": "sha512-07ULeigEyl9pDVjzXoc/JYhxFQ9U87uW+cw2NUeZJZRSHTDwaFsUyZvZ078XwKIryN6mv38w+aXwpS7Z+o33xw==",
      "license": "MIT"
    },
    "node_modules/typescript": {
      "version": "5.8.3",
      "resolved": "https://registry.npmjs.org/typescript/-/typescript-5.8.3.tgz",
      "integrity": "sha512-p1diW6TqL9L07nNxvRMM7hMMw4c5XOo/1ibL4aAIGmSAt9slTE1Xgw5KWuof2uTOvCg9BY7ZRi+GaF+7sfgPeQ==",
      "dev": true,
      "license": "Apache-2.0",
      "bin": {
        "tsc": "bin/tsc",
        "tsserver": "bin/tsserver"
      },
      "engines": {
        "node": ">=14.17"
      }
    }
  }
}
